Microsoft Visual Studio Solution File, Format Version 12.00
# Visual Studio Version 17
VisualStudioVersion = 17.6.33723.286
MinimumVisualStudioVersion = 10.0.40219.1
Project("{2150E333-8FDC-42A3-9474-1A3956D46DE8}") = "ExpenseTracker.Base", "ExpenseTracker.Base", "{A5E90729-AE16-4A39-A3CC-56995C851874}"
EndProject
Project("{2150E333-8FDC-42A3-9474-1A3956D46DE8}") = "ExpenseTracker.Platform", "ExpenseTracker.Platform", "{4516D54B-F433-4CB2-AA71-B5CA78869269}"
EndProject
Project("{2150E333-8FDC-42A3-9474-1A3956D46DE8}") = "ExpenseTracker.Common", "ExpenseTracker.Common", "{BF65049B-7562-48FE-BAC4-3300F1C9E0C8}"
EndProject
Project("{FAE04EC0-301F-11D3-BF4B-00C04F79EFBC}") = "ExpenseTracker.Framework", "ExpenseTracker.Base\ExpenseTracker.Framework\ExpenseTracker.Framework.csproj", "{8DD65017-AE27-4CA4-A61E-8B18D9E06C4D}"
EndProject
Project("{FAE04EC0-301F-11D3-BF4B-00C04F79EFBC}") = "ExpenseTracker.SliceFactory", "ExpenseTracker.SliceFactory\ExpenseTracker.SliceFactory.csproj", "{39349CBE-8863-44D7-8166-D5CE93C7779D}"
EndProject
Project("{FAE04EC0-301F-11D3-BF4B-00C04F79EFBC}") = "ExpenseTracker.Server.Data", "ExpenseTracker.Common\ExpenseTracker.Server.Data\ExpenseTracker.Server.Data.csproj", "{7F246F47-EC7A-46C3-9F77-411267FF1C86}"
EndProject
Project("{FAE04EC0-301F-11D3-BF4B-00C04F79EFBC}") = "ExpenseTracker.Server.DataServices", "ExpenseTracker.Platform\ExpenseTracker.Server.DataServices\ExpenseTracker.Server.DataServices.csproj", "{279D3852-B49B-4FE6-81E2-EE8E96872DB5}"
EndProject
Project("{FAE04EC0-301F-11D3-BF4B-00C04F79EFBC}") = "ExpenseTracker.ServiceContracts", "ExpenseTracker.Platform\ExpenseTracker.ServiceContracts\ExpenseTracker.ServiceContracts.csproj", "{3352F0C7-4645-44CF-994D-B6C5F372EC2F}"
EndProject
Project("{FAE04EC0-301F-11D3-BF4B-00C04F79EFBC}") = "ExpenseTracker.Common", "ExpenseTracker.Common\ExpenseTracker.Common\ExpenseTracker.Common.csproj", "{31A90436-38E0-4FCB-8589-0D71A9888F64}"
EndProject
Project("{FAE04EC0-301F-11D3-BF4B-00C04F79EFBC}") = "ExpenseTracker.MauiNativeApp", "ExpenseTracker.MauiNativeApp\ExpenseTracker.MauiNativeApp.csproj", "{9832BC6B-C005-4C86-BD98-BAF72559E4C1}"
EndProject
Global
	GlobalSection(SolutionConfigurationPlatforms) = preSolution
		Debug|Any CPU = Debug|Any CPU
		Release|Any CPU = Release|Any CPU
	EndGlobalSection
	GlobalSection(ProjectConfigurationPlatforms) = postSolution
		{8DD65017-AE27-4CA4-A61E-8B18D9E06C4D}.Debug|Any CPU.ActiveCfg = Debug|Any CPU
		{8DD65017-AE27-4CA4-A61E-8B18D9E06C4D}.Debug|Any CPU.Build.0 = Debug|Any CPU
		{8DD65017-AE27-4CA4-A61E-8B18D9E06C4D}.Release|Any CPU.ActiveCfg = Release|Any CPU
		{8DD65017-AE27-4CA4-A61E-8B18D9E06C4D}.Release|Any CPU.Build.0 = Release|Any CPU
		{39349CBE-8863-44D7-8166-D5CE93C7779D}.Debug|Any CPU.ActiveCfg = Debug|Any CPU
		{39349CBE-8863-44D7-8166-D5CE93C7779D}.Debug|Any CPU.Build.0 = Debug|Any CPU
		{39349CBE-8863-44D7-8166-D5CE93C7779D}.Release|Any CPU.ActiveCfg = Release|Any CPU
		{39349CBE-8863-44D7-8166-D5CE93C7779D}.Release|Any CPU.Build.0 = Release|Any CPU
		{31A90436-38E0-4FCB-8589-0D71A9888F64}.Debug|Any CPU.ActiveCfg = Debug|Any CPU
		{31A90436-38E0-4FCB-8589-0D71A9888F64}.Debug|Any CPU.Build.0 = Debug|Any CPU
		{31A90436-38E0-4FCB-8589-0D71A9888F64}.Release|Any CPU.ActiveCfg = Release|Any CPU
		{31A90436-38E0-4FCB-8589-0D71A9888F64}.Release|Any CPU.Build.0 = Release|Any CPU
		{7F246F47-EC7A-46C3-9F77-411267FF1C86}.Debug|Any CPU.ActiveCfg = Debug|Any CPU
		{7F246F47-EC7A-46C3-9F77-411267FF1C86}.Debug|Any CPU.Build.0 = Debug|Any CPU
		{7F246F47-EC7A-46C3-9F77-411267FF1C86}.Release|Any CPU.ActiveCfg = Release|Any CPU
		{7F246F47-EC7A-46C3-9F77-411267FF1C86}.Release|Any CPU.Build.0 = Release|Any CPU
		{3352F0C7-4645-44CF-994D-B6C5F372EC2F}.Debug|Any CPU.ActiveCfg = Debug|Any CPU
		{3352F0C7-4645-44CF-994D-B6C5F372EC2F}.Debug|Any CPU.Build.0 = Debug|Any CPU
		{3352F0C7-4645-44CF-994D-B6C5F372EC2F}.Release|Any CPU.ActiveCfg = Release|Any CPU
		{3352F0C7-4645-44CF-994D-B6C5F372EC2F}.Release|Any CPU.Build.0 = Release|Any CPU
		{279D3852-B49B-4FE6-81E2-EE8E96872DB5}.Debug|Any CPU.ActiveCfg = Debug|Any CPU
		{279D3852-B49B-4FE6-81E2-EE8E96872DB5}.Debug|Any CPU.Build.0 = Debug|Any CPU
		{279D3852-B49B-4FE6-81E2-EE8E96872DB5}.Release|Any CPU.ActiveCfg = Release|Any CPU
		{279D3852-B49B-4FE6-81E2-EE8E96872DB5}.Release|Any CPU.Build.0 = Release|Any CPU
		{9832BC6B-C005-4C86-BD98-BAF72559E4C1}.Debug|Any CPU.ActiveCfg = Debug|Any CPU
		{9832BC6B-C005-4C86-BD98-BAF72559E4C1}.Debug|Any CPU.Build.0 = Debug|Any CPU
		{9832BC6B-C005-4C86-BD98-BAF72559E4C1}.Release|Any CPU.ActiveCfg = Release|Any CPU
		{9832BC6B-C005-4C86-BD98-BAF72559E4C1}.Release|Any CPU.Build.0 = Release|Any CPU
	EndGlobalSection
	GlobalSection(NestedProjects) = preSolution
		{8DD65017-AE27-4CA4-A61E-8B18D9E06C4D} = {A5E90729-AE16-4A39-A3CC-56995C851874}
		{31A90436-38E0-4FCB-8589-0D71A9888F64} = {BF65049B-7562-48FE-BAC4-3300F1C9E0C8}
		{7F246F47-EC7A-46C3-9F77-411267FF1C86} = {BF65049B-7562-48FE-BAC4-3300F1C9E0C8}
		{3352F0C7-4645-44CF-994D-B6C5F372EC2F} = {4516D54B-F433-4CB2-AA71-B5CA78869269}
		{279D3852-B49B-4FE6-81E2-EE8E96872DB5} = {4516D54B-F433-4CB2-AA71-B5CA78869269}
	EndGlobalSection
	GlobalSection(ExtensibilityGlobals) = postSolution
		SolutionGuid = {9009CBF6-65FD-4FB8-8C2C-75B6B88E1C19}
	EndGlobalSection
EndGlobal
